
Microsoft Visual Studio Solution File, Format Version 12.00
# Visual Studio Version 16
VisualStudioVersion = 16.0.30204.135
MinimumVisualStudioVersion = 10.0.40219.1
Project("{FAE04EC0-301F-11D3-BF4B-00C04F79EFBC}") = "UsingTuples", "UsingTuples\UsingTuples.csproj", "{44C21E3F-7B3E-4D3E-80FC-85335A9FCC8E}"
EndProject
Global
	GlobalSection(SolutionConfigurationPlatforms) = preSolution
		Debug|Any CPU = Debug|Any CPU
		Release|Any CPU = Release|Any CPU
	EndGlobalSection
	GlobalSection(ProjectConfigurationPlatforms) = postSolution
		{44C21E3F-7B3E-4D3E-80FC-85335A9FCC8E}.Debug|Any CPU.ActiveCfg = Debug|Any CPU
		{44C21E3F-7B3E-4D3E-80FC-85335A9FCC8E}.Debug|Any CPU.Build.0 = Debug|Any CPU
		{44C21E3F-7B3E-4D3E-80FC-85335A9FCC8E}.Release|Any CPU.ActiveCfg = Release|Any CPU
		{44C21E3F-7B3E-4D3E-80FC-85335A9FCC8E}.Release|Any CPU.Build.0 = Release|Any CPU
	EndGlobalSection
	GlobalSection(SolutionProperties) = preSolution
		HideSolutionNode = FALSE
	EndGlobalSection
	GlobalSection(ExtensibilityGlobals) = postSolution
		SolutionGuid = {B5DC1EFE-5E34-447D-8C4B-E1BA50C709DF}
	EndGlobalSection
EndGlobal
